// !$*UTF8*$!
{
	archiveVersion = 1;
	classes = {
	};
	objectVersion = 48;
	objects = {

/* Begin PBXBuildFile section */
		32603213B6C48B8883678B37 /* Pods_RxBindUI.framework in Frameworks */ = {isa = PBXBuildFile; fileRef = 6A4D63CC706F3C2FA2E37395 /* Pods_RxBindUI.framework */; };
		5267BDBA20C9B43000F8E233 /* BindTableViewVC.swift in Sources */ = {isa = PBXBuildFile; fileRef = 5267BDB920C9B43000F8E233 /* BindTableViewVC.swift */; };
		5267BDBC20C9B48A00F8E233 /* Contributor.swift in Sources */ = {isa = PBXBuildFile; fileRef = 5267BDBB20C9B48A00F8E233 /* Contributor.swift */; };
		5267BDBE20C9B9A600F8E233 /* BindCollectionViewVC.swift in Sources */ = {isa = PBXBuildFile; fileRef = 5267BDBD20C9B9A600F8E233 /* BindCollectionViewVC.swift */; };
		5267BDC020C9BB2700F8E233 /* Header.swift in Sources */ = {isa = PBXBuildFile; fileRef = 5267BDBF20C9BB2700F8E233 /* Header.swift */; };
		5267BDC220C9BB9400F8E233 /* Cell.swift in Sources */ = {isa = PBXBuildFile; fileRef = 5267BDC120C9BB9400F8E233 /* Cell.swift */; };
		5267BDC420CA939100F8E233 /* SecondWayBindDataVC.swift in Sources */ = {isa = PBXBuildFile; fileRef = 5267BDC320CA939100F8E233 /* SecondWayBindDataVC.swift */; };
		5267BDC620CA942200F8E233 /* Model.swift in Sources */ = {isa = PBXBuildFile; fileRef = 5267BDC520CA942200F8E233 /* Model.swift */; };
		52D048FA20C81205003AA9D5 /* AppDelegate.swift in Sources */ = {isa = PBXBuildFile; fileRef = 52D048F920C81205003AA9D5 /* AppDelegate.swift */; };
		52D048FC20C81205003AA9D5 /* ViewController.swift in Sources */ = {isa = PBXBuildFile; fileRef = 52D048FB20C81205003AA9D5 /* ViewController.swift */; };
		52D048FF20C81205003AA9D5 /* Main.storyboard in Resources */ = {isa = PBXBuildFile; fileRef = 52D048FD20C81205003AA9D5 /* Main.storyboard */; };
		52D0490120C81205003AA9D5 /* Assets.xcassets in Resources */ = {isa = PBXBuildFile; fileRef = 52D0490020C81205003AA9D5 /* Assets.xcassets */; };
		52D0490420C81205003AA9D5 /* LaunchScreen.storyboard in Resources */ = {isa = PBXBuildFile; fileRef = 52D0490220C81205003AA9D5 /* LaunchScreen.storyboard */; };
		52D0490C20C81555003AA9D5 /* TextView.swift in Sources */ = {isa = PBXBuildFile; fileRef = 52D0490B20C81555003AA9D5 /* TextView.swift */; };
		52D0490E20C81579003AA9D5 /* Button.swift in Sources */ = {isa = PBXBuildFile; fileRef = 52D0490D20C81579003AA9D5 /* Button.swift */; };
		52D0491020C84629003AA9D5 /* BindDataViewController.swift in Sources */ = {isa = PBXBuildFile; fileRef = 52D0490F20C84629003AA9D5 /* BindDataViewController.swift */; };
/* End PBXBuildFile section */

/* Begin PBXFileReference section */
		5267BDB920C9B43000F8E233 /* BindTableViewVC.swift */ = {isa = PBXFileReference; lastKnownFileType = sourcecode.swift; path = BindTableViewVC.swift; sourceTree = "<group>"; };
		5267BDBB20C9B48A00F8E233 /* Contributor.swift */ = {isa = PBXFileReference; lastKnownFileType = sourcecode.swift; path = Contributor.swift; sourceTree = "<group>"; };
		5267BDBD20C9B9A600F8E233 /* BindCollectionViewVC.swift */ = {isa = PBXFileReference; lastKnownFileType = sourcecode.swift; path = BindCollectionViewVC.swift; sourceTree = "<group>"; };
		5267BDBF20C9BB2700F8E233 /* Header.swift */ = {isa = PBXFileReference; lastKnownFileType = sourcecode.swift; path = Header.swift; sourceTree = "<group>"; };
		5267BDC120C9BB9400F8E233 /* Cell.swift */ = {isa = PBXFileReference; lastKnownFileType = sourcecode.swift; path = Cell.swift; sourceTree = "<group>"; };
		5267BDC320CA939100F8E233 /* SecondWayBindDataVC.swift */ = {isa = PBXFileReference; lastKnownFileType = sourcecode.swift; path = SecondWayBindDataVC.swift; sourceTree = "<group>"; };
		5267BDC520CA942200F8E233 /* Model.swift */ = {isa = PBXFileReference; lastKnownFileType = sourcecode.swift; path = Model.swift; sourceTree = "<group>"; };
		52D048F620C81205003AA9D5 /* RxBindUI.app */ = {isa = PBXFileReference; explicitFileType = wrapper.application; includeInIndex = 0; path = RxBindUI.app; sourceTree = BUILT_PRODUCTS_DIR; };
		52D048F920C81205003AA9D5 /* AppDelegate.swift */ = {isa = PBXFileReference; lastKnownFileType = sourcecode.swift; path = AppDelegate.swift; sourceTree = "<group>"; };
		52D048FB20C81205003AA9D5 /* ViewController.swift */ = {isa = PBXFileReference; lastKnownFileType = sourcecode.swift; path = ViewController.swift; sourceTree = "<group>"; };
		52D048FE20C81205003AA9D5 /* Base */ = {isa = PBXFileReference; lastKnownFileType = file.storyboard; name = Base; path = Base.lproj/Main.storyboard; sourceTree = "<group>"; };
		52D0490020C81205003AA9D5 /* Assets.xcassets */ = {isa = PBXFileReference; lastKnownFileType = folder.assetcatalog; path = Assets.xcassets; sourceTree = "<group>"; };
		52D0490320C81205003AA9D5 /* Base */ = {isa = PBXFileReference; lastKnownFileType = file.storyboard; name = Base; path = Base.lproj/LaunchScreen.storyboard; sourceTree = "<group>"; };
		52D0490520C81205003AA9D5 /* Info.plist */ = {isa = PBXFileReference; lastKnownFileType = text.plist.xml; path = Info.plist; sourceTree = "<group>"; };
		52D0490B20C81555003AA9D5 /* TextView.swift */ = {isa = PBXFileReference; lastKnownFileType = sourcecode.swift; path = TextView.swift; sourceTree = "<group>"; };
		52D0490D20C81579003AA9D5 /* Button.swift */ = {isa = PBXFileReference; lastKnownFileType = sourcecode.swift; path = Button.swift; sourceTree = "<group>"; };
		52D0490F20C84629003AA9D5 /* BindDataViewController.swift */ = {isa = PBXFileReference; lastKnownFileType = sourcecode.swift; path = BindDataViewController.swift; sourceTree = "<group>"; };
		6A4D63CC706F3C2FA2E37395 /* Pods_RxBindUI.framework */ = {isa = PBXFileReference; explicitFileType = wrapper.framework; includeInIndex = 0; path = Pods_RxBindUI.framework; sourceTree = BUILT_PRODUCTS_DIR; };
		8891BA5301A554B1C9C00690 /* Pods-RxBindUI.release.xcconfig */ = {isa = PBXFileReference; includeInIndex = 1; lastKnownFileType = text.xcconfig; name = "Pods-RxBindUI.release.xcconfig"; path = "Pods/Target Support Files/Pods-RxBindUI/Pods-RxBindUI.release.xcconfig"; sourceTree = "<group>"; };
		BEFC04F237F256F22CE98AC0 /* Pods-RxBindUI.debug.xcconfig */ = {isa = PBXFileReference; includeInIndex = 1; lastKnownFileType = text.xcconfig; name = "Pods-RxBindUI.debug.xcconfig"; path = "Pods/Target Support Files/Pods-RxBindUI/Pods-RxBindUI.debug.xcconfig"; sourceTree = "<group>"; };
/* End PBXFileReference section */

/* Begin PBXFrameworksBuildPhase section */
		52D048F320C81205003AA9D5 /* Frameworks */ = {
			isa = PBXFrameworksBuildPhase;
			buildActionMask = 2147483647;
			files = (
				32603213B6C48B8883678B37 /* Pods_RxBindUI.framework in Frameworks */,
			);
			runOnlyForDeploymentPostprocessing = 0;
		};
/* End PBXFrameworksBuildPhase section */

/* Begin PBXGroup section */
		09757511C5CEC7EC829AE60F /* Frameworks */ = {
			isa = PBXGroup;
			children = (
				6A4D63CC706F3C2FA2E37395 /* Pods_RxBindUI.framework */,
			);
			name = Frameworks;
			sourceTree = "<group>";
		};
		52D048ED20C81205003AA9D5 = {
			isa = PBXGroup;
			children = (
				52D048F820C81205003AA9D5 /* RxBindUI */,
				52D048F720C81205003AA9D5 /* Products */,
				A71A2F4676396CD34306E211 /* Pods */,
				09757511C5CEC7EC829AE60F /* Frameworks */,
			);
			sourceTree = "<group>";
		};
		52D048F720C81205003AA9D5 /* Products */ = {
			isa = PBXGroup;
			children = (
				52D048F620C81205003AA9D5 /* RxBindUI.app */,
			);
			name = Products;
			sourceTree = "<group>";
		};
		52D048F820C81205003AA9D5 /* RxBindUI */ = {
			isa = PBXGroup;
			children = (
				52D048F920C81205003AA9D5 /* AppDelegate.swift */,
				52D048FB20C81205003AA9D5 /* ViewController.swift */,
				52D0490F20C84629003AA9D5 /* BindDataViewController.swift */,
				5267BDB920C9B43000F8E233 /* BindTableViewVC.swift */,
				5267BDBB20C9B48A00F8E233 /* Contributor.swift */,
				5267BDC520CA942200F8E233 /* Model.swift */,
				5267BDBD20C9B9A600F8E233 /* BindCollectionViewVC.swift */,
				5267BDC320CA939100F8E233 /* SecondWayBindDataVC.swift */,
				5267BDBF20C9BB2700F8E233 /* Header.swift */,
				5267BDC120C9BB9400F8E233 /* Cell.swift */,
				52D0490D20C81579003AA9D5 /* Button.swift */,
				52D0490B20C81555003AA9D5 /* TextView.swift */,
				52D048FD20C81205003AA9D5 /* Main.storyboard */,
				52D0490020C81205003AA9D5 /* Assets.xcassets */,
				52D0490220C81205003AA9D5 /* LaunchScreen.storyboard */,
				52D0490520C81205003AA9D5 /* Info.plist */,
			);
			path = RxBindUI;
			sourceTree = "<group>";
		};
		A71A2F4676396CD34306E211 /* Pods */ = {
			isa = PBXGroup;
			children = (
				BEFC04F237F256F22CE98AC0 /* Pods-RxBindUI.debug.xcconfig */,
				8891BA5301A554B1C9C00690 /* Pods-RxBindUI.release.xcconfig */,
			);
			name = Pods;
			sourceTree = "<group>";
		};
/* End PBXGroup section */

/* Begin PBXNativeTarget section */
		52D048F520C81205003AA9D5 /* RxBindUI */ = {
			isa = PBXNativeTarget;
			buildConfigurationList = 52D0490820C81205003AA9D5 /* Build configuration list for PBXNativeTarget "RxBindUI" */;
			buildPhases = (
				3B9618F402A34CCD0A8D0F3F /* [CP] Check Pods Manifest.lock */,
				52D048F220C81205003AA9D5 /* Sources */,
				52D048F320C81205003AA9D5 /* Frameworks */,
				52D048F420C81205003AA9D5 /* Resources */,
				F72ED091B5AED1EEE9EE7FEC /* [CP] Embed Pods Frameworks */,
			);
			buildRules = (
			);
			dependencies = (
			);
			name = RxBindUI;
			productName = RxBindUI;
			productReference = 52D048F620C81205003AA9D5 /* RxBindUI.app */;
			productType = "com.apple.product-type.application";
		};
/* End PBXNativeTarget section */

/* Begin PBXProject section */
		52D048EE20C81205003AA9D5 /* Project object */ = {
			isa = PBXProject;
			attributes = {
				LastSwiftUpdateCheck = 0920;
				LastUpgradeCheck = 0920;
				ORGANIZATIONNAME = "Stanly Shiyanovskiy";
				TargetAttributes = {
					52D048F520C81205003AA9D5 = {
						CreatedOnToolsVersion = 9.2;
						ProvisioningStyle = Automatic;
					};
				};
			};
			buildConfigurationList = 52D048F120C81205003AA9D5 /* Build configuration list for PBXProject "RxBindUI" */;
			compatibilityVersion = "Xcode 8.0";
			developmentRegion = en;
			hasScannedForEncodings = 0;
			knownRegions = (
				en,
				Base,
			);
			mainGroup = 52D048ED20C81205003AA9D5;
			productRefGroup = 52D048F720C81205003AA9D5 /* Products */;
			projectDirPath = "";
			projectRoot = "";
			targets = (
				52D048F520C81205003AA9D5 /* RxBindUI */,
			);
		};
/* End PBXProject section */

/* Begin PBXResourcesBuildPhase section */
		52D048F420C81205003AA9D5 /* Resources */ = {
			isa = PBXResourcesBuildPhase;
			buildActionMask = 2147483647;
			files = (
				52D0490420C81205003AA9D5 /* LaunchScreen.storyboard in Resources */,
				52D0490120C81205003AA9D5 /* Assets.xcassets in Resources */,
				52D048FF20C81205003AA9D5 /* Main.storyboard in Resources */,
			);
			runOnlyForDeploymentPostprocessing = 0;
		};
/* End PBXResourcesBuildPhase section */

/* Begin PBXShellScriptBuildPhase section */
		3B9618F402A34CCD0A8D0F3F /* [CP] Check Pods Manifest.lock */ = {
			isa = PBXShellScriptBuildPhase;
			buildActionMask = 2147483647;
			files = (
			);
			inputPaths = (
				"${PODS_PODFILE_DIR_PATH}/Podfile.lock",
				"${PODS_ROOT}/Manifest.lock",
			);
			name = "[CP] Check Pods Manifest.lock";
			outputPaths = (
				"$(DERIVED_FILE_DIR)/Pods-RxBindUI-checkManifestLockResult.txt",
			);
			runOnlyForDeploymentPostprocessing = 0;
			shellPath = /bin/sh;
			shellScript = "diff \"${PODS_PODFILE_DIR_PATH}/Podfile.lock\" \"${PODS_ROOT}/Manifest.lock\" > /dev/null\nif [ $? != 0 ] ; then\n    # print error to STDERR\n    echo \"error: The sandbox is not in sync with the Podfile.lock. Run 'pod install' or update your CocoaPods installation.\" >&2\n    exit 1\nfi\n# This output is used by Xcode 'outputs' to avoid re-running this script phase.\necho \"SUCCESS\" > \"${SCRIPT_OUTPUT_FILE_0}\"\n";
			showEnvVarsInLog = 0;
		};
		F72ED091B5AED1EEE9EE7FEC /* [CP] Embed Pods Frameworks */ = {
			isa = PBXShellScriptBuildPhase;
			buildActionMask = 2147483647;
			files = (
			);
			inputPaths = (
				"${SRCROOT}/Pods/Target Support Files/Pods-RxBindUI/Pods-RxBindUI-frameworks.sh",
				"${BUILT_PRODUCTS_DIR}/Differentiator/Differentiator.framework",
				"${BUILT_PRODUCTS_DIR}/RxCocoa/RxCocoa.framework",
				"${BUILT_PRODUCTS_DIR}/RxDataSources/RxDataSources.framework",
				"${BUILT_PRODUCTS_DIR}/RxSwift/RxSwift.framework",
			);
			name = "[CP] Embed Pods Frameworks";
			outputPaths = (
				"${TARGET_BUILD_DIR}/${FRAMEWORKS_FOLDER_PATH}/Differentiator.framework",
				"${TARGET_BUILD_DIR}/${FRAMEWORKS_FOLDER_PATH}/RxCocoa.framework",
				"${TARGET_BUILD_DIR}/${FRAMEWORKS_FOLDER_PATH}/RxDataSources.framework",
				"${TARGET_BUILD_DIR}/${FRAMEWORKS_FOLDER_PATH}/RxSwift.framework",
			);
			runOnlyForDeploymentPostprocessing = 0;
			shellPath = /bin/sh;
			shellScript = "\"${SRCROOT}/Pods/Target Support Files/Pods-RxBindUI/Pods-RxBindUI-frameworks.sh\"\n";
			showEnvVarsInLog = 0;
		};
/* End PBXShellScriptBuildPhase section */

/* Begin PBXSourcesBuildPhase section */
		52D048F220C81205003AA9D5 /* Sources */ = {
			isa = PBXSourcesBuildPhase;
			buildActionMask = 2147483647;
			files = (
				52D0491020C84629003AA9D5 /* BindDataViewController.swift in Sources */,
				5267BDC020C9BB2700F8E233 /* Header.swift in Sources */,
				52D0490C20C81555003AA9D5 /* TextView.swift in Sources */,
				5267BDC620CA942200F8E233 /* Model.swift in Sources */,
				5267BDBE20C9B9A600F8E233 /* BindCollectionViewVC.swift in Sources */,
				5267BDBC20C9B48A00F8E233 /* Contributor.swift in Sources */,
				52D048FC20C81205003AA9D5 /* ViewController.swift in Sources */,
				52D048FA20C81205003AA9D5 /* AppDelegate.swift in Sources */,
				5267BDC220C9BB9400F8E233 /* Cell.swift in Sources */,
				5267BDC420CA939100F8E233 /* SecondWayBindDataVC.swift in Sources */,
				52D0490E20C81579003AA9D5 /* Button.swift in Sources */,
				5267BDBA20C9B43000F8E233 /* BindTableViewVC.swift in Sources */,
			);
			runOnlyForDeploymentPostprocessing = 0;
		};
/* End PBXSourcesBuildPhase section */

/* Begin PBXVariantGroup section */
		52D048FD20C81205003AA9D5 /* Main.storyboard */ = {
			isa = PBXVariantGroup;
			children = (
				52D048FE20C81205003AA9D5 /* Base */,
			);
			name = Main.storyboard;
			sourceTree = "<group>";
		};
		52D0490220C81205003AA9D5 /* LaunchScreen.storyboard */ = {
			isa = PBXVariantGroup;
			children = (
				52D0490320C81205003AA9D5 /* Base */,
			);
			name = LaunchScreen.storyboard;
			sourceTree = "<group>";
		};
/* End PBXVariantGroup section */

/* Begin XCBuildConfiguration section */
		52D0490620C81205003AA9D5 /* Debug */ = {
			isa = XCBuildConfiguration;
			buildSettings = {
				ALWAYS_SEARCH_USER_PATHS = NO;
				CLANG_ANALYZER_NONNULL = YES;
				CLANG_ANALYZER_NUMBER_OBJECT_CONVERSION = YES_AGGRESSIVE;
				CLANG_CXX_LANGUAGE_STANDARD = "gnu++14";
				CLANG_CXX_LIBRARY = "libc++";
				CLANG_ENABLE_MODULES = YES;
				CLANG_ENABLE_OBJC_ARC = YES;
				CLANG_WARN_BLOCK_CAPTURE_AUTORELEASING = YES;
				CLANG_WARN_BOOL_CONVERSION = YES;
				CLANG_WARN_COMMA = YES;
				CLANG_WARN_CONSTANT_CONVERSION = YES;
				CLANG_WARN_DIRECT_OBJC_ISA_USAGE = YES_ERROR;
				CLANG_WARN_DOCUMENTATION_COMMENTS = YES;
				CLANG_WARN_EMPTY_BODY = YES;
				CLANG_WARN_ENUM_CONVERSION = YES;
				CLANG_WARN_INFINITE_RECURSION = YES;
				CLANG_WARN_INT_CONVERSION = YES;
				CLANG_WARN_NON_LITERAL_NULL_CONVERSION = YES;
				CLANG_WARN_OBJC_LITERAL_CONVERSION = YES;
				CLANG_WARN_OBJC_ROOT_CLASS = YES_ERROR;
				CLANG_WARN_RANGE_LOOP_ANALYSIS = YES;
				CLANG_WARN_STRICT_PROTOTYPES = YES;
				CLANG_WARN_SUSPICIOUS_MOVE = YES;
				CLANG_WARN_UNGUARDED_AVAILABILITY = YES_AGGRESSIVE;
				CLANG_WARN_UNREACHABLE_CODE = YES;
				CLANG_WARN__DUPLICATE_METHOD_MATCH = YES;
				CODE_SIGN_IDENTITY = "iPhone Developer";
				COPY_PHASE_STRIP = NO;
				DEBUG_INFORMATION_FORMAT = dwarf;
				ENABLE_STRICT_OBJC_MSGSEND = YES;
				ENABLE_TESTABILITY = YES;
				GCC_C_LANGUAGE_STANDARD = gnu11;
				GCC_DYNAMIC_NO_PIC = NO;
				GCC_NO_COMMON_BLOCKS = YES;
				GCC_OPTIMIZATION_LEVEL = 0;
				GCC_PREPROCESSOR_DEFINITIONS = (
					"DEBUG=1",
					"$(inherited)",
				);
				GCC_WARN_64_TO_32_BIT_CONVERSION = YES;
				GCC_WARN_ABOUT_RETURN_TYPE = YES_ERROR;
				GCC_WARN_UNDECLARED_SELECTOR = YES;
				GCC_WARN_UNINITIALIZED_AUTOS = YES_AGGRESSIVE;
				GCC_WARN_UNUSED_FUNCTION = YES;
				GCC_WARN_UNUSED_VARIABLE = YES;
				IPHONEOS_DEPLOYMENT_TARGET = 11.2;
				MTL_ENABLE_DEBUG_INFO = YES;
				ONLY_ACTIVE_ARCH = YES;
				SDKROOT = iphoneos;
				SWIFT_ACTIVE_COMPILATION_CONDITIONS = DEBUG;
				SWIFT_OPTIMIZATION_LEVEL = "-Onone";
			};
			name = Debug;
		};
		52D0490720C81205003AA9D5 /* Release */ = {
			isa = XCBuildConfiguration;
			buildSettings = {
				ALWAYS_SEARCH_USER_PATHS = NO;
				CLANG_ANALYZER_NONNULL = YES;
				CLANG_ANALYZER_NUMBER_OBJECT_CONVERSION = YES_AGGRESSIVE;
				CLANG_CXX_LANGUAGE_STANDARD = "gnu++14";
				CLANG_CXX_LIBRARY = "libc++";
				CLANG_ENABLE_MODULES = YES;
				CLANG_ENABLE_OBJC_ARC = YES;
				CLANG_WARN_BLOCK_CAPTURE_AUTORELEASING = YES;
				CLANG_WARN_BOOL_CONVERSION = YES;
				CLANG_WARN_COMMA = YES;
				CLANG_WARN_CONSTANT_CONVERSION = YES;
				CLANG_WARN_DIRECT_OBJC_ISA_USAGE = YES_ERROR;
				CLANG_WARN_DOCUMENTATION_COMMENTS = YES;
				CLANG_WARN_EMPTY_BODY = YES;
				CLANG_WARN_ENUM_CONVERSION = YES;
				CLANG_WARN_INFINITE_RECURSION = YES;
				CLANG_WARN_INT_CONVERSION = YES;
				CLANG_WARN_NON_LITERAL_NULL_CONVERSION = YES;
				CLANG_WARN_OBJC_LITERAL_CONVERSION = YES;
				CLANG_WARN_OBJC_ROOT_CLASS = YES_ERROR;
				CLANG_WARN_RANGE_LOOP_ANALYSIS = YES;
				CLANG_WARN_STRICT_PROTOTYPES = YES;
				CLANG_WARN_SUSPICIOUS_MOVE = YES;
				CLANG_WARN_UNGUARDED_AVAILABILITY = YES_AGGRESSIVE;
				CLANG_WARN_UNREACHABLE_CODE = YES;
				CLANG_WARN__DUPLICATE_METHOD_MATCH = YES;
				CODE_SIGN_IDENTITY = "iPhone Developer";
				COPY_PHASE_STRIP = NO;
				DEBUG_INFORMATION_FORMAT = "dwarf-with-dsym";
				ENABLE_NS_ASSERTIONS = NO;
				ENABLE_STRICT_OBJC_MSGSEND = YES;
				GCC_C_LANGUAGE_STANDARD = gnu11;
				GCC_NO_COMMON_BLOCKS = YES;
				GCC_WARN_64_TO_32_BIT_CONVERSION = YES;
				GCC_WARN_ABOUT_RETURN_TYPE = YES_ERROR;
				GCC_WARN_UNDECLARED_SELECTOR = YES;
				GCC_WARN_UNINITIALIZED_AUTOS = YES_AGGRESSIVE;
				GCC_WARN_UNUSED_FUNCTION = YES;
				GCC_WARN_UNUSED_VARIABLE = YES;
				IPHONEOS_DEPLOYMENT_TARGET = 11.2;
				MTL_ENABLE_DEBUG_INFO = NO;
				SDKROOT = iphoneos;
				SWIFT_OPTIMIZATION_LEVEL = "-Owholemodule";
				VALIDATE_PRODUCT = YES;
			};
			name = Release;
		};
		52D0490920C81205003AA9D5 /* Debug */ = {
			isa = XCBuildConfiguration;
			baseConfigurationReference = BEFC04F237F256F22CE98AC0 /* Pods-RxBindUI.debug.xcconfig */;
			buildSettings = {
				ASSETCATALOG_COMPILER_APPICON_NAME = AppIcon;
				CODE_SIGN_STYLE = Automatic;
				DEVELOPMENT_TEAM = 3PTYV272Z4;
				INFOPLIST_FILE = RxBindUI/Info.plist;
				LD_RUNPATH_SEARCH_PATHS = "$(inherited) @executable_path/Frameworks";
				PRODUCT_BUNDLE_IDENTIFIER = SiS.RxBindUI;
				PRODUCT_NAME = "$(TARGET_NAME)";
				SWIFT_VERSION = 4.0;
				TARGETED_DEVICE_FAMILY = "1,2";
			};
			name = Debug;
		};
		52D0490A20C81205003AA9D5 /* Release */ = {
			isa = XCBuildConfiguration;
			baseConfigurationReference = 8891BA5301A554B1C9C00690 /* Pods-RxBindUI.release.xcconfig */;
			buildSettings = {
				ASSETCATALOG_COMPILER_APPICON_NAME = AppIcon;
				CODE_SIGN_STYLE = Automatic;
				DEVELOPMENT_TEAM = 3PTYV272Z4;
				INFOPLIST_FILE = RxBindUI/Info.plist;
				LD_RUNPATH_SEARCH_PATHS = "$(inherited) @executable_path/Frameworks";
				PRODUCT_BUNDLE_IDENTIFIER = SiS.RxBindUI;
				PRODUCT_NAME = "$(TARGET_NAME)";
				SWIFT_VERSION = 4.0;
				TARGETED_DEVICE_FAMILY = "1,2";
			};
			name = Release;
		};
/* End XCBuildConfiguration section */

/* Begin XCConfigurationList section */
		52D048F120C81205003AA9D5 /* Build configuration list for PBXProject "RxBindUI" */ = {
			isa = XCConfigurationList;
			buildConfigurations = (
				52D0490620C81205003AA9D5 /* Debug */,
				52D0490720C81205003AA9D5 /* Release */,
			);
			defaultConfigurationIsVisible = 0;
			defaultConfigurationName = Release;
		};
		52D0490820C81205003AA9D5 /* Build configuration list for PBXNativeTarget "RxBindUI" */ = {
			isa = XCConfigurationList;
			buildConfigurations = (
				52D0490920C81205003AA9D5 /* Debug */,
				52D0490A20C81205003AA9D5 /* Release */,
			);
			defaultConfigurationIsVisible = 0;
			defaultConfigurationName = Release;
		};
/* End XCConfigurationList section */
	};
	rootObject = 52D048EE20C81205003AA9D5 /* Project object */;
}
